
Microsoft Visual Studio Solution File, Format Version 12.00
# Visual Studio Version 17
VisualStudioVersion = 17.14.36310.24
MinimumVisualStudioVersion = 10.0.40219.1
Project("{FAE04EC0-301F-11D3-BF4B-00C04F79EFBC}") = "StretchFitnessHub", "StretchFitnessHub.csproj", "{6C9C6505-D434-4A4A-8E96-6B85CC02EF1F}"
EndProject
Global
	GlobalSection(SolutionConfigurationPlatforms) = preSolution
		Debug|Any CPU = Debug|Any CPU
		Release|Any CPU = Release|Any CPU
	EndGlobalSection
	GlobalSection(ProjectConfigurationPlatforms) = postSolution
		{6C9C6505-D434-4A4A-8E96-6B85CC02EF1F}.Debug|Any CPU.ActiveCfg = Debug|Any CPU
		{6C9C6505-D434-4A4A-8E96-6B85CC02EF1F}.Debug|Any CPU.Build.0 = Debug|Any CPU
		{6C9C6505-D434-4A4A-8E96-6B85CC02EF1F}.Release|Any CPU.ActiveCfg = Release|Any CPU
		{6C9C6505-D434-4A4A-8E96-6B85CC02EF1F}.Release|Any CPU.Build.0 = Release|Any CPU
	EndGlobalSection
	GlobalSection(SolutionProperties) = preSolution
		HideSolutionNode = FALSE
	EndGlobalSection
	GlobalSection(ExtensibilityGlobals) = postSolution
		SolutionGuid = {3EB189AF-00D8-420D-9D2A-B48CF2FBDA4A}
	EndGlobalSection
EndGlobal
